Microsoft Visual Studio Solution File, Format Version 12.00
# Visual Studio Version 17
VisualStudioVersion = 17.5.2.0
MinimumVisualStudioVersion = 10.0.40219.1
Project("{FAE04EC0-301F-11D3-BF4B-00C04F79EFBC}") = "RatePulse", "RatePulse.csproj", "{864094DB-69A1-F077-37D3-915224A9DC1F}"
EndProject
Global
	GlobalSection(SolutionConfigurationPlatforms) = preSolution
		Debug|Any CPU = Debug|Any CPU
		Release|Any CPU = Release|Any CPU
	EndGlobalSection
	GlobalSection(ProjectConfigurationPlatforms) = postSolution
		{864094DB-69A1-F077-37D3-915224A9DC1F}.Debug|Any CPU.ActiveCfg = Debug|Any CPU
		{864094DB-69A1-F077-37D3-915224A9DC1F}.Debug|Any CPU.Build.0 = Debug|Any CPU
		{864094DB-69A1-F077-37D3-915224A9DC1F}.Release|Any CPU.ActiveCfg = Release|Any CPU
		{864094DB-69A1-F077-37D3-915224A9DC1F}.Release|Any CPU.Build.0 = Release|Any CPU
	EndGlobalSection
	GlobalSection(SolutionProperties) = preSolution
		HideSolutionNode = FALSE
	EndGlobalSection
	GlobalSection(ExtensibilityGlobals) = postSolution
		SolutionGuid = {08D967C0-5326-4633-9480-B7DAAA1829FF}
	EndGlobalSection
EndGlobal
